
Microsoft Visual Studio Solution File, Format Version 12.00
# Visual Studio Version 17
VisualStudioVersion = 17.2.32602.215
MinimumVisualStudioVersion = 10.0.40219.1
Project("{FAE04EC0-301F-11D3-BF4B-00C04F79EFBC}") = "WpfApp1", "WpfApp1\WpfApp1.csproj", "{0C7924D9-3D6B-48DA-B40E-A70E58D33BFA}"
EndProject
Global
	GlobalSection(SolutionConfigurationPlatforms) = preSolution
		Debug|Any CPU = Debug|Any CPU
		Release|Any CPU = Release|Any CPU
	EndGlobalSection
	GlobalSection(ProjectConfigurationPlatforms) = postSolution
		{0C7924D9-3D6B-48DA-B40E-A70E58D33BFA}.Debug|Any CPU.ActiveCfg = Debug|Any CPU
		{0C7924D9-3D6B-48DA-B40E-A70E58D33BFA}.Debug|Any CPU.Build.0 = Debug|Any CPU
		{0C7924D9-3D6B-48DA-B40E-A70E58D33BFA}.Release|Any CPU.ActiveCfg = Release|Any CPU
		{0C7924D9-3D6B-48DA-B40E-A70E58D33BFA}.Release|Any CPU.Build.0 = Release|Any CPU
	EndGlobalSection
	GlobalSection(SolutionProperties) = preSolution
		HideSolutionNode = FALSE
	EndGlobalSection
	GlobalSection(ExtensibilityGlobals) = postSolution
		SolutionGuid = {149DDC32-A7A2-4D99-8C90-8B46CD57C002}
	EndGlobalSection
EndGlobal
